// !$*UTF8*$!
{
	archiveVersion = 1;
	classes = {
	};
	objectVersion = 51;
	objects = {

/* Begin PBXBuildFile section */
		4C7911F4895D4402AC2A92DC /* Pods_IInstagram.framework in Frameworks */ = {isa = PBXBuildFile; fileRef = 5629677AC53EE4CF207E9F24 /* Pods_IInstagram.framework */; };
		F07430EE26903B00007A5001 /* AppDelegate.swift in Sources */ = {isa = PBXBuildFile; fileRef = F07430ED26903B00007A5001 /* AppDelegate.swift */; };
		F07430F026903B00007A5001 /* SceneDelegate.swift in Sources */ = {isa = PBXBuildFile; fileRef = F07430EF26903B00007A5001 /* SceneDelegate.swift */; };
		F07430F226903B00007A5001 /* MainTabViewController.swift in Sources */ = {isa = PBXBuildFile; fileRef = F07430F126903B00007A5001 /* MainTabViewController.swift */; };
		F07430F526903B00007A5001 /* Main.storyboard in Resources */ = {isa = PBXBuildFile; fileRef = F07430F326903B00007A5001 /* Main.storyboard */; };
		F07430F726903B01007A5001 /* Assets.xcassets in Resources */ = {isa = PBXBuildFile; fileRef = F07430F626903B01007A5001 /* Assets.xcassets */; };
		F07430FA26903B01007A5001 /* LaunchScreen.storyboard in Resources */ = {isa = PBXBuildFile; fileRef = F07430F826903B01007A5001 /* LaunchScreen.storyboard */; };
		F074310A26903D21007A5001 /* FeedViewController.swift in Sources */ = {isa = PBXBuildFile; fileRef = F074310926903D21007A5001 /* FeedViewController.swift */; };
		F074310C26903D2B007A5001 /* SearchViewController.swift in Sources */ = {isa = PBXBuildFile; fileRef = F074310B26903D2B007A5001 /* SearchViewController.swift */; };
		F074310E26903D37007A5001 /* ImageSelectorViewController.swift in Sources */ = {isa = PBXBuildFile; fileRef = F074310D26903D37007A5001 /* ImageSelectorViewController.swift */; };
		F074311026903D3F007A5001 /* NotificationViewController.swift in Sources */ = {isa = PBXBuildFile; fileRef = F074310F26903D3F007A5001 /* NotificationViewController.swift */; };
		F074311226903D47007A5001 /* ProfileViewController.swift in Sources */ = {isa = PBXBuildFile; fileRef = F074311126903D47007A5001 /* ProfileViewController.swift */; };
		F07431142690426C007A5001 /* FeedCell.swift in Sources */ = {isa = PBXBuildFile; fileRef = F07431132690426C007A5001 /* FeedCell.swift */; };
		F07431182690430B007A5001 /* Extension.swift in Sources */ = {isa = PBXBuildFile; fileRef = F07431172690430B007A5001 /* Extension.swift */; };
		F07C4D55269278AD008A30D4 /* LoginController.swift in Sources */ = {isa = PBXBuildFile; fileRef = F07C4D54269278AD008A30D4 /* LoginController.swift */; };
		F07C4D57269278BD008A30D4 /* RegisterViewController.swift in Sources */ = {isa = PBXBuildFile; fileRef = F07C4D56269278BD008A30D4 /* RegisterViewController.swift */; };
		F07C4D59269283A5008A30D4 /* CustomTextField.swift in Sources */ = {isa = PBXBuildFile; fileRef = F07C4D58269283A5008A30D4 /* CustomTextField.swift */; };
		F07C4D5B2692BCAA008A30D4 /* AuthViewModel.swift in Sources */ = {isa = PBXBuildFile; fileRef = F07C4D5A2692BCAA008A30D4 /* AuthViewModel.swift */; };
		F07C4D5F2692BEB9008A30D4 /* LoginFormModel.swift in Sources */ = {isa = PBXBuildFile; fileRef = F07C4D5E2692BEB9008A30D4 /* LoginFormModel.swift */; };
		F07C4D612692C549008A30D4 /* RegisterFormModel.swift in Sources */ = {isa = PBXBuildFile; fileRef = F07C4D602692C549008A30D4 /* RegisterFormModel.swift */; };
		F07C4D662692D686008A30D4 /* GoogleService-Info.plist in Resources */ = {isa = PBXBuildFile; fileRef = F07C4D652692D686008A30D4 /* GoogleService-Info.plist */; };
		F081B8B52692E03200C1B975 /* ImageUploader.swift in Sources */ = {isa = PBXBuildFile; fileRef = F081B8B42692E03200C1B975 /* ImageUploader.swift */; };
		F081B8B72692E07500C1B975 /* AuthService.swift in Sources */ = {isa = PBXBuildFile; fileRef = F081B8B62692E07500C1B975 /* AuthService.swift */; };
		F081B8BB2692F6AC00C1B975 /* ProfileCell.swift in Sources */ = {isa = PBXBuildFile; fileRef = F081B8BA2692F6AC00C1B975 /* ProfileCell.swift */; };
		F081B8BD2692F6F500C1B975 /* ProfileHeader.swift in Sources */ = {isa = PBXBuildFile; fileRef = F081B8BC2692F6F500C1B975 /* ProfileHeader.swift */; };
		F0C303CF2695234400AFA44E /* UserService.swift in Sources */ = {isa = PBXBuildFile; fileRef = F0C303CE2695234400AFA44E /* UserService.swift */; };
		F0C303D12695238200AFA44E /* Constant.swift in Sources */ = {isa = PBXBuildFile; fileRef = F0C303D02695238200AFA44E /* Constant.swift */; };
		F0C303D3269524B700AFA44E /* User.swift in Sources */ = {isa = PBXBuildFile; fileRef = F0C303D2269524B700AFA44E /* User.swift */; };
		F0C303DA26953E6400AFA44E /* UserCell.swift in Sources */ = {isa = PBXBuildFile; fileRef = F0C303D926953E6400AFA44E /* UserCell.swift */; };
		F0C303DD26954AB000AFA44E /* ProfileHeaderModel.swift in Sources */ = {isa = PBXBuildFile; fileRef = F0C303DC26954AB000AFA44E /* ProfileHeaderModel.swift */; };
/* End PBXBuildFile section */

/* Begin PBXFileReference section */
		5629677AC53EE4CF207E9F24 /* Pods_IInstagram.framework */ = {isa = PBXFileReference; explicitFileType = wrapper.framework; includeInIndex = 0; path = Pods_IInstagram.framework; sourceTree = BUILT_PRODUCTS_DIR; };
		65D4606AD67EF39049853B14 /* Pods-IInstagram.release.xcconfig */ = {isa = PBXFileReference; includeInIndex = 1; lastKnownFileType = text.xcconfig; name = "Pods-IInstagram.release.xcconfig"; path = "Target Support Files/Pods-IInstagram/Pods-IInstagram.release.xcconfig"; sourceTree = "<group>"; };
		EB556C26658211108F06FF34 /* Pods-IInstagram.debug.xcconfig */ = {isa = PBXFileReference; includeInIndex = 1; lastKnownFileType = text.xcconfig; name = "Pods-IInstagram.debug.xcconfig"; path = "Target Support Files/Pods-IInstagram/Pods-IInstagram.debug.xcconfig"; sourceTree = "<group>"; };
		F07430EA26903B00007A5001 /* IInstagram.app */ = {isa = PBXFileReference; explicitFileType = wrapper.application; includeInIndex = 0; path = IInstagram.app; sourceTree = BUILT_PRODUCTS_DIR; };
		F07430ED26903B00007A5001 /* AppDelegate.swift */ = {isa = PBXFileReference; lastKnownFileType = sourcecode.swift; path = AppDelegate.swift; sourceTree = "<group>"; };
		F07430EF26903B00007A5001 /* SceneDelegate.swift */ = {isa = PBXFileReference; lastKnownFileType = sourcecode.swift; path = SceneDelegate.swift; sourceTree = "<group>"; };
		F07430F126903B00007A5001 /* MainTabViewController.swift */ = {isa = PBXFileReference; lastKnownFileType = sourcecode.swift; path = MainTabViewController.swift; sourceTree = "<group>"; };
		F07430F426903B00007A5001 /* Base */ = {isa = PBXFileReference; lastKnownFileType = file.storyboard; name = Base; path = Base.lproj/Main.storyboard; sourceTree = "<group>"; };
		F07430F626903B01007A5001 /* Assets.xcassets */ = {isa = PBXFileReference; lastKnownFileType = folder.assetcatalog; path = Assets.xcassets; sourceTree = "<group>"; };
		F07430F926903B01007A5001 /* Base */ = {isa = PBXFileReference; lastKnownFileType = file.storyboard; name = Base; path = Base.lproj/LaunchScreen.storyboard; sourceTree = "<group>"; };
		F07430FB26903B01007A5001 /* Info.plist */ = {isa = PBXFileReference; lastKnownFileType = text.plist.xml; path = Info.plist; sourceTree = "<group>"; };
		F074310926903D21007A5001 /* FeedViewController.swift */ = {isa = PBXFileReference; lastKnownFileType = sourcecode.swift; path = FeedViewController.swift; sourceTree = "<group>"; };
		F074310B26903D2B007A5001 /* SearchViewController.swift */ = {isa = PBXFileReference; lastKnownFileType = sourcecode.swift; path = SearchViewController.swift; sourceTree = "<group>"; };
		F074310D26903D37007A5001 /* ImageSelectorViewController.swift */ = {isa = PBXFileReference; lastKnownFileType = sourcecode.swift; path = ImageSelectorViewController.swift; sourceTree = "<group>"; };
		F074310F26903D3F007A5001 /* NotificationViewController.swift */ = {isa = PBXFileReference; lastKnownFileType = sourcecode.swift; path = NotificationViewController.swift; sourceTree = "<group>"; };
		F074311126903D47007A5001 /* ProfileViewController.swift */ = {isa = PBXFileReference; lastKnownFileType = sourcecode.swift; path = ProfileViewController.swift; sourceTree = "<group>"; };
		F07431132690426C007A5001 /* FeedCell.swift */ = {isa = PBXFileReference; lastKnownFileType = sourcecode.swift; path = FeedCell.swift; sourceTree = "<group>"; };
		F07431172690430B007A5001 /* Extension.swift */ = {isa = PBXFileReference; lastKnownFileType = sourcecode.swift; path = Extension.swift; sourceTree = "<group>"; };
		F07C4D54269278AD008A30D4 /* LoginController.swift */ = {isa = PBXFileReference; lastKnownFileType = sourcecode.swift; path = LoginController.swift; sourceTree = "<group>"; };
		F07C4D56269278BD008A30D4 /* RegisterViewController.swift */ = {isa = PBXFileReference; lastKnownFileType = sourcecode.swift; path = RegisterViewController.swift; sourceTree = "<group>"; };
		F07C4D58269283A5008A30D4 /* CustomTextField.swift */ = {isa = PBXFileReference; lastKnownFileType = sourcecode.swift; path = CustomTextField.swift; sourceTree = "<group>"; };
		F07C4D5A2692BCAA008A30D4 /* AuthViewModel.swift */ = {isa = PBXFileReference; lastKnownFileType = sourcecode.swift; path = AuthViewModel.swift; sourceTree = "<group>"; };
		F07C4D5E2692BEB9008A30D4 /* LoginFormModel.swift */ = {isa = PBXFileReference; lastKnownFileType = sourcecode.swift; path = LoginFormModel.swift; sourceTree = "<group>"; };
		F07C4D602692C549008A30D4 /* RegisterFormModel.swift */ = {isa = PBXFileReference; lastKnownFileType = sourcecode.swift; path = RegisterFormModel.swift; sourceTree = "<group>"; };
		F07C4D652692D686008A30D4 /* GoogleService-Info.plist */ = {isa = PBXFileReference; fileEncoding = 4; lastKnownFileType = text.plist.xml; path = "GoogleService-Info.plist"; sourceTree = "<group>"; };
		F081B8B42692E03200C1B975 /* ImageUploader.swift */ = {isa = PBXFileReference; lastKnownFileType = sourcecode.swift; path = ImageUploader.swift; sourceTree = "<group>"; };
		F081B8B62692E07500C1B975 /* AuthService.swift */ = {isa = PBXFileReference; lastKnownFileType = sourcecode.swift; path = AuthService.swift; sourceTree = "<group>"; };
		F081B8BA2692F6AC00C1B975 /* ProfileCell.swift */ = {isa = PBXFileReference; lastKnownFileType = sourcecode.swift; path = ProfileCell.swift; sourceTree = "<group>"; };
		F081B8BC2692F6F500C1B975 /* ProfileHeader.swift */ = {isa = PBXFileReference; lastKnownFileType = sourcecode.swift; path = ProfileHeader.swift; sourceTree = "<group>"; };
		F0C303CE2695234400AFA44E /* UserService.swift */ = {isa = PBXFileReference; lastKnownFileType = sourcecode.swift; path = UserService.swift; sourceTree = "<group>"; };
		F0C303D02695238200AFA44E /* Constant.swift */ = {isa = PBXFileReference; lastKnownFileType = sourcecode.swift; path = Constant.swift; sourceTree = "<group>"; };
		F0C303D2269524B700AFA44E /* User.swift */ = {isa = PBXFileReference; lastKnownFileType = sourcecode.swift; path = User.swift; sourceTree = "<group>"; };
		F0C303D926953E6400AFA44E /* UserCell.swift */ = {isa = PBXFileReference; lastKnownFileType = sourcecode.swift; path = UserCell.swift; sourceTree = "<group>"; };
		F0C303DC26954AB000AFA44E /* ProfileHeaderModel.swift */ = {isa = PBXFileReference; lastKnownFileType = sourcecode.swift; path = ProfileHeaderModel.swift; sourceTree = "<group>"; };
/* End PBXFileReference section */

/* Begin PBXFrameworksBuildPhase section */
		F07430E726903B00007A5001 /* Frameworks */ = {
			isa = PBXFrameworksBuildPhase;
			buildActionMask = 2147483647;
			files = (
				4C7911F4895D4402AC2A92DC /* Pods_IInstagram.framework in Frameworks */,
			);
			runOnlyForDeploymentPostprocessing = 0;
		};
/* End PBXFrameworksBuildPhase section */

/* Begin PBXGroup section */
		AF592687EB82CDB14221FE99 /* Frameworks */ = {
			isa = PBXGroup;
			children = (
				5629677AC53EE4CF207E9F24 /* Pods_IInstagram.framework */,
			);
			name = Frameworks;
			sourceTree = "<group>";
		};
		BD18D42EEB54E1585684FAE6 /* Pods */ = {
			isa = PBXGroup;
			children = (
				EB556C26658211108F06FF34 /* Pods-IInstagram.debug.xcconfig */,
				65D4606AD67EF39049853B14 /* Pods-IInstagram.release.xcconfig */,
			);
			path = Pods;
			sourceTree = "<group>";
		};
		F07430E126903B00007A5001 = {
			isa = PBXGroup;
			children = (
				F07430EC26903B00007A5001 /* IInstagram */,
				F07430EB26903B00007A5001 /* Products */,
				BD18D42EEB54E1585684FAE6 /* Pods */,
				AF592687EB82CDB14221FE99 /* Frameworks */,
			);
			sourceTree = "<group>";
		};
		F07430EB26903B00007A5001 /* Products */ = {
			isa = PBXGroup;
			children = (
				F07430EA26903B00007A5001 /* IInstagram.app */,
			);
			name = Products;
			sourceTree = "<group>";
		};
		F07430EC26903B00007A5001 /* IInstagram */ = {
			isa = PBXGroup;
			children = (
				F074310726903BC5007A5001 /* Others */,
				F074310526903B81007A5001 /* Model */,
				F074310426903B80007A5001 /* View */,
				F074310326903B7E007A5001 /* Managers */,
				F074310226903B7B007A5001 /* Controller */,
				F074310126903B7A007A5001 /* API */,
				F074310626903B9C007A5001 /* Utils */,
				F07430FB26903B01007A5001 /* Info.plist */,
				F07C4D652692D686008A30D4 /* GoogleService-Info.plist */,
			);
			path = IInstagram;
			sourceTree = "<group>";
		};
		F074310126903B7A007A5001 /* API */ = {
			isa = PBXGroup;
			children = (
				F081B8B42692E03200C1B975 /* ImageUploader.swift */,
				F081B8B62692E07500C1B975 /* AuthService.swift */,
				F0C303CE2695234400AFA44E /* UserService.swift */,
			);
			path = API;
			sourceTree = "<group>";
		};
		F074310226903B7B007A5001 /* Controller */ = {
			isa = PBXGroup;
			children = (
				F07C4D5326927891008A30D4 /* Auth */,
				F074310826903D12007A5001 /* Tabs */,
			);
			path = Controller;
			sourceTree = "<group>";
		};
		F074310326903B7E007A5001 /* Managers */ = {
			isa = PBXGroup;
			children = (
				F07C4D5A2692BCAA008A30D4 /* AuthViewModel.swift */,
			);
			path = Managers;
			sourceTree = "<group>";
		};
		F074310426903B80007A5001 /* View */ = {
			isa = PBXGroup;
			children = (
				F0C303D626953E2500AFA44E /* Search */,
				F081B8B92692F68B00C1B975 /* Feed */,
				F081B8B82692F68100C1B975 /* Profile */,
				F07430F326903B00007A5001 /* Main.storyboard */,
				F07430F826903B01007A5001 /* LaunchScreen.storyboard */,
				F07C4D58269283A5008A30D4 /* CustomTextField.swift */,
			);
			path = View;
			sourceTree = "<group>";
		};
		F074310526903B81007A5001 /* Model */ = {
			isa = PBXGroup;
			children = (
				F0C303DB26954AA500AFA44E /* Profile */,
				F07C4D622692C54C008A30D4 /* Auth */,
				F0C303D2269524B700AFA44E /* User.swift */,
			);
			path = Model;
			sourceTree = "<group>";
		};
		F074310626903B9C007A5001 /* Utils */ = {
			isa = PBXGroup;
			children = (
				F07431172690430B007A5001 /* Extension.swift */,
				F0C303D02695238200AFA44E /* Constant.swift */,
			);
			path = Utils;
			sourceTree = "<group>";
		};
		F074310726903BC5007A5001 /* Others */ = {
			isa = PBXGroup;
			children = (
				F07430F626903B01007A5001 /* Assets.xcassets */,
				F07430ED26903B00007A5001 /* AppDelegate.swift */,
				F07430EF26903B00007A5001 /* SceneDelegate.swift */,
			);
			path = Others;
			sourceTree = "<group>";
		};
		F074310826903D12007A5001 /* Tabs */ = {
			isa = PBXGroup;
			children = (
				F07430F126903B00007A5001 /* MainTabViewController.swift */,
				F074310926903D21007A5001 /* FeedViewController.swift */,
				F074310B26903D2B007A5001 /* SearchViewController.swift */,
				F074310D26903D37007A5001 /* ImageSelectorViewController.swift */,
				F074310F26903D3F007A5001 /* NotificationViewController.swift */,
				F074311126903D47007A5001 /* ProfileViewController.swift */,
			);
			path = Tabs;
			sourceTree = "<group>";
		};
		F07C4D5326927891008A30D4 /* Auth */ = {
			isa = PBXGroup;
			children = (
				F07C4D54269278AD008A30D4 /* LoginController.swift */,
				F07C4D56269278BD008A30D4 /* RegisterViewController.swift */,
			);
			path = Auth;
			sourceTree = "<group>";
		};
		F07C4D622692C54C008A30D4 /* Auth */ = {
			isa = PBXGroup;
			children = (
				F07C4D5E2692BEB9008A30D4 /* LoginFormModel.swift */,
				F07C4D602692C549008A30D4 /* RegisterFormModel.swift */,
			);
			path = Auth;
			sourceTree = "<group>";
		};
		F081B8B82692F68100C1B975 /* Profile */ = {
			isa = PBXGroup;
			children = (
				F081B8BA2692F6AC00C1B975 /* ProfileCell.swift */,
				F081B8BC2692F6F500C1B975 /* ProfileHeader.swift */,
			);
			path = Profile;
			sourceTree = "<group>";
		};
		F081B8B92692F68B00C1B975 /* Feed */ = {
			isa = PBXGroup;
			children = (
				F07431132690426C007A5001 /* FeedCell.swift */,
			);
			path = Feed;
			sourceTree = "<group>";
		};
		F0C303D626953E2500AFA44E /* Search */ = {
			isa = PBXGroup;
			children = (
				F0C303D926953E6400AFA44E /* UserCell.swift */,
			);
			path = Search;
			sourceTree = "<group>";
		};
		F0C303DB26954AA500AFA44E /* Profile */ = {
			isa = PBXGroup;
			children = (
				F0C303DC26954AB000AFA44E /* ProfileHeaderModel.swift */,
			);
			path = Profile;
			sourceTree = "<group>";
		};
/* End PBXGroup section */

/* Begin PBXNativeTarget section */
		F07430E926903B00007A5001 /* IInstagram */ = {
			isa = PBXNativeTarget;
			buildConfigurationList = F07430FE26903B01007A5001 /* Build configuration list for PBXNativeTarget "IInstagram" */;
			buildPhases = (
				D5B2F74E26374E9D525A4C85 /* [CP] Check Pods Manifest.lock */,
				F07430E626903B00007A5001 /* Sources */,
				F07430E726903B00007A5001 /* Frameworks */,
				F07430E826903B00007A5001 /* Resources */,
				FA8F8C9B296F3C9B48CEBEF7 /* [CP] Embed Pods Frameworks */,
			);
			buildRules = (
			);
			dependencies = (
			);
			name = IInstagram;
			productName = IInstagram;
			productReference = F07430EA26903B00007A5001 /* IInstagram.app */;
			productType = "com.apple.product-type.application";
		};
/* End PBXNativeTarget section */

/* Begin PBXProject section */
		F07430E226903B00007A5001 /* Project object */ = {
			isa = PBXProject;
			attributes = {
				LastSwiftUpdateCheck = 1250;
				LastUpgradeCheck = 1250;
				TargetAttributes = {
					F07430E926903B00007A5001 = {
						CreatedOnToolsVersion = 12.5.1;
					};
				};
			};
			buildConfigurationList = F07430E526903B00007A5001 /* Build configuration list for PBXProject "IInstagram" */;
			compatibilityVersion = "Xcode 9.3";
			developmentRegion = en;
			hasScannedForEncodings = 0;
			knownRegions = (
				en,
				Base,
			);
			mainGroup = F07430E126903B00007A5001;
			productRefGroup = F07430EB26903B00007A5001 /* Products */;
			projectDirPath = "";
			projectRoot = "";
			targets = (
				F07430E926903B00007A5001 /* IInstagram */,
			);
		};
/* End PBXProject section */

/* Begin PBXResourcesBuildPhase section */
		F07430E826903B00007A5001 /* Resources */ = {
			isa = PBXResourcesBuildPhase;
			buildActionMask = 2147483647;
			files = (
				F07430FA26903B01007A5001 /* LaunchScreen.storyboard in Resources */,
				F07C4D662692D686008A30D4 /* GoogleService-Info.plist in Resources */,
				F07430F726903B01007A5001 /* Assets.xcassets in Resources */,
				F07430F526903B00007A5001 /* Main.storyboard in Resources */,
			);
			runOnlyForDeploymentPostprocessing = 0;
		};
/* End PBXResourcesBuildPhase section */

/* Begin PBXShellScriptBuildPhase section */
		D5B2F74E26374E9D525A4C85 /* [CP] Check Pods Manifest.lock */ = {
			isa = PBXShellScriptBuildPhase;
			buildActionMask = 2147483647;
			files = (
			);
			inputFileListPaths = (
			);
			inputPaths = (
				"${PODS_PODFILE_DIR_PATH}/Podfile.lock",
				"${PODS_ROOT}/Manifest.lock",
			);
			name = "[CP] Check Pods Manifest.lock";
			outputFileListPaths = (
			);
			outputPaths = (
				"$(DERIVED_FILE_DIR)/Pods-IInstagram-checkManifestLockResult.txt",
			);
			runOnlyForDeploymentPostprocessing = 0;
			shellPath = /bin/sh;
			shellScript = "diff \"${PODS_PODFILE_DIR_PATH}/Podfile.lock\" \"${PODS_ROOT}/Manifest.lock\" > /dev/null\nif [ $? != 0 ] ; then\n    # print error to STDERR\n    echo \"error: The sandbox is not in sync with the Podfile.lock. Run 'pod install' or update your CocoaPods installation.\" >&2\n    exit 1\nfi\n# This output is used by Xcode 'outputs' to avoid re-running this script phase.\necho \"SUCCESS\" > \"${SCRIPT_OUTPUT_FILE_0}\"\n";
			showEnvVarsInLog = 0;
		};
		FA8F8C9B296F3C9B48CEBEF7 /* [CP] Embed Pods Frameworks */ = {
			isa = PBXShellScriptBuildPhase;
			buildActionMask = 2147483647;
			files = (
			);
			inputFileListPaths = (
				"${PODS_ROOT}/Target Support Files/Pods-IInstagram/Pods-IInstagram-frameworks-${CONFIGURATION}-input-files.xcfilelist",
			);
			name = "[CP] Embed Pods Frameworks";
			outputFileListPaths = (
				"${PODS_ROOT}/Target Support Files/Pods-IInstagram/Pods-IInstagram-frameworks-${CONFIGURATION}-output-files.xcfilelist",
			);
			runOnlyForDeploymentPostprocessing = 0;
			shellPath = /bin/sh;
			shellScript = "\"${PODS_ROOT}/Target Support Files/Pods-IInstagram/Pods-IInstagram-frameworks.sh\"\n";
			showEnvVarsInLog = 0;
		};
/* End PBXShellScriptBuildPhase section */

/* Begin PBXSourcesBuildPhase section */
		F07430E626903B00007A5001 /* Sources */ = {
			isa = PBXSourcesBuildPhase;
			buildActionMask = 2147483647;
			files = (
				F07C4D59269283A5008A30D4 /* CustomTextField.swift in Sources */,
				F07C4D55269278AD008A30D4 /* LoginController.swift in Sources */,
				F07430F226903B00007A5001 /* MainTabViewController.swift in Sources */,
				F081B8B72692E07500C1B975 /* AuthService.swift in Sources */,
				F074310C26903D2B007A5001 /* SearchViewController.swift in Sources */,
				F07430EE26903B00007A5001 /* AppDelegate.swift in Sources */,
				F081B8B52692E03200C1B975 /* ImageUploader.swift in Sources */,
				F074311026903D3F007A5001 /* NotificationViewController.swift in Sources */,
				F081B8BD2692F6F500C1B975 /* ProfileHeader.swift in Sources */,
				F07430F026903B00007A5001 /* SceneDelegate.swift in Sources */,
				F07431182690430B007A5001 /* Extension.swift in Sources */,
				F074310E26903D37007A5001 /* ImageSelectorViewController.swift in Sources */,
				F0C303DA26953E6400AFA44E /* UserCell.swift in Sources */,
				F07C4D57269278BD008A30D4 /* RegisterViewController.swift in Sources */,
				F07C4D5F2692BEB9008A30D4 /* LoginFormModel.swift in Sources */,
				F0C303DD26954AB000AFA44E /* ProfileHeaderModel.swift in Sources */,
				F0C303CF2695234400AFA44E /* UserService.swift in Sources */,
				F07C4D5B2692BCAA008A30D4 /* AuthViewModel.swift in Sources */,
				F07C4D612692C549008A30D4 /* RegisterFormModel.swift in Sources */,
				F081B8BB2692F6AC00C1B975 /* ProfileCell.swift in Sources */,
				F074310A26903D21007A5001 /* FeedViewController.swift in Sources */,
				F0C303D12695238200AFA44E /* Constant.swift in Sources */,
				F074311226903D47007A5001 /* ProfileViewController.swift in Sources */,
				F07431142690426C007A5001 /* FeedCell.swift in Sources */,
				F0C303D3269524B700AFA44E /* User.swift in Sources */,
			);
			runOnlyForDeploymentPostprocessing = 0;
		};
/* End PBXSourcesBuildPhase section */

/* Begin PBXVariantGroup section */
		F07430F326903B00007A5001 /* Main.storyboard */ = {
			isa = PBXVariantGroup;
			children = (
				F07430F426903B00007A5001 /* Base */,
			);
			name = Main.storyboard;
			sourceTree = "<group>";
		};
		F07430F826903B01007A5001 /* LaunchScreen.storyboard */ = {
			isa = PBXVariantGroup;
			children = (
				F07430F926903B01007A5001 /* Base */,
			);
			name = LaunchScreen.storyboard;
			sourceTree = "<group>";
		};
/* End PBXVariantGroup section */

/* Begin XCBuildConfiguration section */
		F07430FC26903B01007A5001 /* Debug */ = {
			isa = XCBuildConfiguration;
			buildSettings = {
				ALWAYS_SEARCH_USER_PATHS = NO;
				CLANG_ANALYZER_NONNULL = YES;
				CLANG_ANALYZER_NUMBER_OBJECT_CONVERSION = YES_AGGRESSIVE;
				CLANG_CXX_LANGUAGE_STANDARD = "gnu++14";
				CLANG_CXX_LIBRARY = "libc++";
				CLANG_ENABLE_MODULES = YES;
				CLANG_ENABLE_OBJC_ARC = YES;
				CLANG_ENABLE_OBJC_WEAK = YES;
				CLANG_WARN_BLOCK_CAPTURE_AUTORELEASING = YES;
				CLANG_WARN_BOOL_CONVERSION = YES;
				CLANG_WARN_COMMA = YES;
				CLANG_WARN_CONSTANT_CONVERSION = YES;
				CLANG_WARN_DEPRECATED_OBJC_IMPLEMENTATIONS = YES;
				CLANG_WARN_DIRECT_OBJC_ISA_USAGE = YES_ERROR;
				CLANG_WARN_DOCUMENTATION_COMMENTS = YES;
				CLANG_WARN_EMPTY_BODY = YES;
				CLANG_WARN_ENUM_CONVERSION = YES;
				CLANG_WARN_INFINITE_RECURSION = YES;
				CLANG_WARN_INT_CONVERSION = YES;
				CLANG_WARN_NON_LITERAL_NULL_CONVERSION = YES;
				CLANG_WARN_OBJC_IMPLICIT_RETAIN_SELF = YES;
				CLANG_WARN_OBJC_LITERAL_CONVERSION = YES;
				CLANG_WARN_OBJC_ROOT_CLASS = YES_ERROR;
				CLANG_WARN_QUOTED_INCLUDE_IN_FRAMEWORK_HEADER = YES;
				CLANG_WARN_RANGE_LOOP_ANALYSIS = YES;
				CLANG_WARN_STRICT_PROTOTYPES = YES;
				CLANG_WARN_SUSPICIOUS_MOVE = YES;
				CLANG_WARN_UNGUARDED_AVAILABILITY = YES_AGGRESSIVE;
				CLANG_WARN_UNREACHABLE_CODE = YES;
				CLANG_WARN__DUPLICATE_METHOD_MATCH = YES;
				COPY_PHASE_STRIP = NO;
				DEBUG_INFORMATION_FORMAT = dwarf;
				ENABLE_STRICT_OBJC_MSGSEND = YES;
				ENABLE_TESTABILITY = YES;
				GCC_C_LANGUAGE_STANDARD = gnu11;
				GCC_DYNAMIC_NO_PIC = NO;
				GCC_NO_COMMON_BLOCKS = YES;
				GCC_OPTIMIZATION_LEVEL = 0;
				GCC_PREPROCESSOR_DEFINITIONS = (
					"DEBUG=1",
					"$(inherited)",
				);
				GCC_WARN_64_TO_32_BIT_CONVERSION = YES;
				GCC_WARN_ABOUT_RETURN_TYPE = YES_ERROR;
				GCC_WARN_UNDECLARED_SELECTOR = YES;
				GCC_WARN_UNINITIALIZED_AUTOS = YES_AGGRESSIVE;
				GCC_WARN_UNUSED_FUNCTION = YES;
				GCC_WARN_UNUSED_VARIABLE = YES;
				IPHONEOS_DEPLOYMENT_TARGET = 14.5;
				MTL_ENABLE_DEBUG_INFO = INCLUDE_SOURCE;
				MTL_FAST_MATH = YES;
				ONLY_ACTIVE_ARCH = YES;
				SDKROOT = iphoneos;
				SWIFT_ACTIVE_COMPILATION_CONDITIONS = DEBUG;
				SWIFT_OPTIMIZATION_LEVEL = "-Onone";
			};
			name = Debug;
		};
		F07430FD26903B01007A5001 /* Release */ = {
			isa = XCBuildConfiguration;
			buildSettings = {
				ALWAYS_SEARCH_USER_PATHS = NO;
				CLANG_ANALYZER_NONNULL = YES;
				CLANG_ANALYZER_NUMBER_OBJECT_CONVERSION = YES_AGGRESSIVE;
				CLANG_CXX_LANGUAGE_STANDARD = "gnu++14";
				CLANG_CXX_LIBRARY = "libc++";
				CLANG_ENABLE_MODULES = YES;
				CLANG_ENABLE_OBJC_ARC = YES;
				CLANG_ENABLE_OBJC_WEAK = YES;
				CLANG_WARN_BLOCK_CAPTURE_AUTORELEASING = YES;
				CLANG_WARN_BOOL_CONVERSION = YES;
				CLANG_WARN_COMMA = YES;
				CLANG_WARN_CONSTANT_CONVERSION = YES;
				CLANG_WARN_DEPRECATED_OBJC_IMPLEMENTATIONS = YES;
				CLANG_WARN_DIRECT_OBJC_ISA_USAGE = YES_ERROR;
				CLANG_WARN_DOCUMENTATION_COMMENTS = YES;
				CLANG_WARN_EMPTY_BODY = YES;
				CLANG_WARN_ENUM_CONVERSION = YES;
				CLANG_WARN_INFINITE_RECURSION = YES;
				CLANG_WARN_INT_CONVERSION = YES;
				CLANG_WARN_NON_LITERAL_NULL_CONVERSION = YES;
				CLANG_WARN_OBJC_IMPLICIT_RETAIN_SELF = YES;
				CLANG_WARN_OBJC_LITERAL_CONVERSION = YES;
				CLANG_WARN_OBJC_ROOT_CLASS = YES_ERROR;
				CLANG_WARN_QUOTED_INCLUDE_IN_FRAMEWORK_HEADER = YES;
				CLANG_WARN_RANGE_LOOP_ANALYSIS = YES;
				CLANG_WARN_STRICT_PROTOTYPES = YES;
				CLANG_WARN_SUSPICIOUS_MOVE = YES;
				CLANG_WARN_UNGUARDED_AVAILABILITY = YES_AGGRESSIVE;
				CLANG_WARN_UNREACHABLE_CODE = YES;
				CLANG_WARN__DUPLICATE_METHOD_MATCH = YES;
				COPY_PHASE_STRIP = NO;
				DEBUG_INFORMATION_FORMAT = "dwarf-with-dsym";
				ENABLE_NS_ASSERTIONS = NO;
				ENABLE_STRICT_OBJC_MSGSEND = YES;
				GCC_C_LANGUAGE_STANDARD = gnu11;
				GCC_NO_COMMON_BLOCKS = YES;
				GCC_WARN_64_TO_32_BIT_CONVERSION = YES;
				GCC_WARN_ABOUT_RETURN_TYPE = YES_ERROR;
				GCC_WARN_UNDECLARED_SELECTOR = YES;
				GCC_WARN_UNINITIALIZED_AUTOS = YES_AGGRESSIVE;
				GCC_WARN_UNUSED_FUNCTION = YES;
				GCC_WARN_UNUSED_VARIABLE = YES;
				IPHONEOS_DEPLOYMENT_TARGET = 14.5;
				MTL_ENABLE_DEBUG_INFO = NO;
				MTL_FAST_MATH = YES;
				SDKROOT = iphoneos;
				SWIFT_COMPILATION_MODE = wholemodule;
				SWIFT_OPTIMIZATION_LEVEL = "-O";
				VALIDATE_PRODUCT = YES;
			};
			name = Release;
		};
		F07430FF26903B01007A5001 /* Debug */ = {
			isa = XCBuildConfiguration;
			baseConfigurationReference = EB556C26658211108F06FF34 /* Pods-IInstagram.debug.xcconfig */;
			buildSettings = {
				ASSETCATALOG_COMPILER_APPICON_NAME = AppIcon;
				ASSETCATALOG_COMPILER_GLOBAL_ACCENT_COLOR_NAME = AccentColor;
				CODE_SIGN_STYLE = Automatic;
				DEVELOPMENT_TEAM = T79F4XUAMW;
				INFOPLIST_FILE = IInstagram/Info.plist;
				LD_RUNPATH_SEARCH_PATHS = (
					"$(inherited)",
					"@executable_path/Frameworks",
				);
				PRODUCT_BUNDLE_IDENTIFIER = com.jayhan.IInstagram;
				PRODUCT_NAME = "$(TARGET_NAME)";
				SWIFT_VERSION = 5.0;
				TARGETED_DEVICE_FAMILY = 1;
			};
			name = Debug;
		};
		F074310026903B01007A5001 /* Release */ = {
			isa = XCBuildConfiguration;
			baseConfigurationReference = 65D4606AD67EF39049853B14 /* Pods-IInstagram.release.xcconfig */;
			buildSettings = {
				ASSETCATALOG_COMPILER_APPICON_NAME = AppIcon;
				ASSETCATALOG_COMPILER_GLOBAL_ACCENT_COLOR_NAME = AccentColor;
				CODE_SIGN_STYLE = Automatic;
				DEVELOPMENT_TEAM = T79F4XUAMW;
				INFOPLIST_FILE = IInstagram/Info.plist;
				LD_RUNPATH_SEARCH_PATHS = (
					"$(inherited)",
					"@executable_path/Frameworks",
				);
				PRODUCT_BUNDLE_IDENTIFIER = com.jayhan.IInstagram;
				PRODUCT_NAME = "$(TARGET_NAME)";
				SWIFT_VERSION = 5.0;
				TARGETED_DEVICE_FAMILY = 1;
			};
			name = Release;
		};
/* End XCBuildConfiguration section */

/* Begin XCConfigurationList section */
		F07430E526903B00007A5001 /* Build configuration list for PBXProject "IInstagram" */ = {
			isa = XCConfigurationList;
			buildConfigurations = (
				F07430FC26903B01007A5001 /* Debug */,
				F07430FD26903B01007A5001 /* Release */,
			);
			defaultConfigurationIsVisible = 0;
			defaultConfigurationName = Release;
		};
		F07430FE26903B01007A5001 /* Build configuration list for PBXNativeTarget "IInstagram" */ = {
			isa = XCConfigurationList;
			buildConfigurations = (
				F07430FF26903B01007A5001 /* Debug */,
				F074310026903B01007A5001 /* Release */,
			);
			defaultConfigurationIsVisible = 0;
			defaultConfigurationName = Release;
		};
/* End XCConfigurationList section */
	};
	rootObject = F07430E226903B00007A5001 /* Project object */;
}
